
Microsoft Visual Studio Solution File, Format Version 12.00
# Visual Studio Version 17
VisualStudioVersion = 17.0.31903.59
MinimumVisualStudioVersion = 10.0.40219.1
Project("{FAE04EC0-301F-11D3-BF4B-00C04F79EFBC}") = "WrapperXML", "WrapperXML\WrapperXML.csproj", "{3A20BB5D-AAF5-476B-8BF0-D6CF2F527DC6}"
EndProject
Project("{FAE04EC0-301F-11D3-BF4B-00C04F79EFBC}") = "WrapperJSON", "WrapperJSON\WrapperJSON.csproj", "{A31769D3-94F3-44B3-B252-979D696FC896}"
EndProject
Project("{FAE04EC0-301F-11D3-BF4B-00C04F79EFBC}") = "WrapperCSV", "WrapperCSV\WrapperCSV.csproj", "{0D04C159-CCB9-43A3-87F5-1649C8AD8F01}"
EndProject
Project("{FAE04EC0-301F-11D3-BF4B-00C04F79EFBC}") = "Carga", "CargaAPI\Carga.csproj", "{60219D08-FF44-451E-B9FE-18BCB827562D}"
EndProject
Global
	GlobalSection(SolutionConfigurationPlatforms) = preSolution
		Debug|Any CPU = Debug|Any CPU
		Release|Any CPU = Release|Any CPU
	EndGlobalSection
	GlobalSection(SolutionProperties) = preSolution
		HideSolutionNode = FALSE
	EndGlobalSection
	GlobalSection(ProjectConfigurationPlatforms) = postSolution
		{3A20BB5D-AAF5-476B-8BF0-D6CF2F527DC6}.Debug|Any CPU.ActiveCfg = Debug|Any CPU
		{3A20BB5D-AAF5-476B-8BF0-D6CF2F527DC6}.Debug|Any CPU.Build.0 = Debug|Any CPU
		{3A20BB5D-AAF5-476B-8BF0-D6CF2F527DC6}.Release|Any CPU.ActiveCfg = Release|Any CPU
		{3A20BB5D-AAF5-476B-8BF0-D6CF2F527DC6}.Release|Any CPU.Build.0 = Release|Any CPU
		{A31769D3-94F3-44B3-B252-979D696FC896}.Debug|Any CPU.ActiveCfg = Debug|Any CPU
		{A31769D3-94F3-44B3-B252-979D696FC896}.Debug|Any CPU.Build.0 = Debug|Any CPU
		{A31769D3-94F3-44B3-B252-979D696FC896}.Release|Any CPU.ActiveCfg = Release|Any CPU
		{A31769D3-94F3-44B3-B252-979D696FC896}.Release|Any CPU.Build.0 = Release|Any CPU
		{0D04C159-CCB9-43A3-87F5-1649C8AD8F01}.Debug|Any CPU.ActiveCfg = Debug|Any CPU
		{0D04C159-CCB9-43A3-87F5-1649C8AD8F01}.Debug|Any CPU.Build.0 = Debug|Any CPU
		{0D04C159-CCB9-43A3-87F5-1649C8AD8F01}.Release|Any CPU.ActiveCfg = Release|Any CPU
		{0D04C159-CCB9-43A3-87F5-1649C8AD8F01}.Release|Any CPU.Build.0 = Release|Any CPU
		{60219D08-FF44-451E-B9FE-18BCB827562D}.Debug|Any CPU.ActiveCfg = Debug|Any CPU
		{60219D08-FF44-451E-B9FE-18BCB827562D}.Debug|Any CPU.Build.0 = Debug|Any CPU
		{60219D08-FF44-451E-B9FE-18BCB827562D}.Release|Any CPU.ActiveCfg = Release|Any CPU
		{60219D08-FF44-451E-B9FE-18BCB827562D}.Release|Any CPU.Build.0 = Release|Any CPU
	EndGlobalSection
EndGlobal
