
Microsoft Visual Studio Solution File, Format Version 12.00
# Visual Studio Version 17
VisualStudioVersion = 17.12.35514.174
MinimumVisualStudioVersion = 10.0.40219.1
Project("{FAE04EC0-301F-11D3-BF4B-00C04F79EFBC}") = "Backend", "IEIPracticas.csproj", "{21265641-3DCA-4424-8264-D56CD90652FD}"
EndProject
Project("{FAE04EC0-301F-11D3-BF4B-00C04F79EFBC}") = "WrapperCSV", "..\WrapperCSV\WrapperCSV.csproj", "{B22BCDD1-52B2-423D-82F5-1C2228AEF583}"
EndProject
Project("{FAE04EC0-301F-11D3-BF4B-00C04F79EFBC}") = "WrapperXML", "..\WrapperXML\WrapperXML.csproj", "{34D49037-7493-4AE1-8764-10490F04F27E}"
EndProject
Project("{FAE04EC0-301F-11D3-BF4B-00C04F79EFBC}") = "WrapperJSON", "..\WrapperJSON\WrapperJSON.csproj", "{2A956750-CFF4-45F7-945C-1DD9D8F37945}"
EndProject
Project("{FAE04EC0-301F-11D3-BF4B-00C04F79EFBC}") = "BusquedaAPI", "..\BusquedaAPI\BusquedaAPI.csproj", "{ABFB647F-9907-4FEB-8E06-F2D44F890F66}"
EndProject
Project("{FAE04EC0-301F-11D3-BF4B-00C04F79EFBC}") = "CargaAPI", "..\CargaAPI\CargaAPI.csproj", "{C492199E-78B7-4B3A-B675-46DB4A75C26F}"
EndProject
Global
	GlobalSection(SolutionConfigurationPlatforms) = preSolution
		Debug|Any CPU = Debug|Any CPU
		Release|Any CPU = Release|Any CPU
	EndGlobalSection
	GlobalSection(ProjectConfigurationPlatforms) = postSolution
		{21265641-3DCA-4424-8264-D56CD90652FD}.Debug|Any CPU.ActiveCfg = Debug|Any CPU
		{21265641-3DCA-4424-8264-D56CD90652FD}.Debug|Any CPU.Build.0 = Debug|Any CPU
		{21265641-3DCA-4424-8264-D56CD90652FD}.Release|Any CPU.ActiveCfg = Release|Any CPU
		{21265641-3DCA-4424-8264-D56CD90652FD}.Release|Any CPU.Build.0 = Release|Any CPU
		{B22BCDD1-52B2-423D-82F5-1C2228AEF583}.Debug|Any CPU.ActiveCfg = Debug|Any CPU
		{B22BCDD1-52B2-423D-82F5-1C2228AEF583}.Debug|Any CPU.Build.0 = Debug|Any CPU
		{B22BCDD1-52B2-423D-82F5-1C2228AEF583}.Release|Any CPU.ActiveCfg = Release|Any CPU
		{B22BCDD1-52B2-423D-82F5-1C2228AEF583}.Release|Any CPU.Build.0 = Release|Any CPU
		{34D49037-7493-4AE1-8764-10490F04F27E}.Debug|Any CPU.ActiveCfg = Debug|Any CPU
		{34D49037-7493-4AE1-8764-10490F04F27E}.Debug|Any CPU.Build.0 = Debug|Any CPU
		{34D49037-7493-4AE1-8764-10490F04F27E}.Release|Any CPU.ActiveCfg = Release|Any CPU
		{34D49037-7493-4AE1-8764-10490F04F27E}.Release|Any CPU.Build.0 = Release|Any CPU
		{2A956750-CFF4-45F7-945C-1DD9D8F37945}.Debug|Any CPU.ActiveCfg = Debug|Any CPU
		{2A956750-CFF4-45F7-945C-1DD9D8F37945}.Debug|Any CPU.Build.0 = Debug|Any CPU
		{2A956750-CFF4-45F7-945C-1DD9D8F37945}.Release|Any CPU.ActiveCfg = Release|Any CPU
		{2A956750-CFF4-45F7-945C-1DD9D8F37945}.Release|Any CPU.Build.0 = Release|Any CPU
		{ABFB647F-9907-4FEB-8E06-F2D44F890F66}.Debug|Any CPU.ActiveCfg = Debug|Any CPU
		{ABFB647F-9907-4FEB-8E06-F2D44F890F66}.Debug|Any CPU.Build.0 = Debug|Any CPU
		{ABFB647F-9907-4FEB-8E06-F2D44F890F66}.Release|Any CPU.ActiveCfg = Release|Any CPU
		{ABFB647F-9907-4FEB-8E06-F2D44F890F66}.Release|Any CPU.Build.0 = Release|Any CPU
		{C492199E-78B7-4B3A-B675-46DB4A75C26F}.Debug|Any CPU.ActiveCfg = Debug|Any CPU
		{C492199E-78B7-4B3A-B675-46DB4A75C26F}.Debug|Any CPU.Build.0 = Debug|Any CPU
		{C492199E-78B7-4B3A-B675-46DB4A75C26F}.Release|Any CPU.ActiveCfg = Release|Any CPU
		{C492199E-78B7-4B3A-B675-46DB4A75C26F}.Release|Any CPU.Build.0 = Release|Any CPU
	EndGlobalSection
	GlobalSection(SolutionProperties) = preSolution
		HideSolutionNode = FALSE
	EndGlobalSection
EndGlobal
